// !$*UTF8*$!
{
	archiveVersion = 1;
	classes = {
	};
	objectVersion = 56;
	objects = {

/* Begin PBXBuildFile section */
		824D37952A84F36D00551B61 /* LampChallengeApp.swift in Sources */ = {isa = PBXBuildFile; fileRef = 824D37942A84F36D00551B61 /* LampChallengeApp.swift */; };
		824D37972A84F36D00551B61 /* LampView.swift in Sources */ = {isa = PBXBuildFile; fileRef = 824D37962A84F36D00551B61 /* LampView.swift */; };
		824D37992A84F37100551B61 /* Assets.xcassets in Resources */ = {isa = PBXBuildFile; fileRef = 824D37982A84F37100551B61 /* Assets.xcassets */; };
		824D379C2A84F37100551B61 /* Preview Assets.xcassets in Resources */ = {isa = PBXBuildFile; fileRef = 824D379B2A84F37100551B61 /* Preview Assets.xcassets */; };
		824D37A62A84F37100551B61 /* LampChallengeTests.swift in Sources */ = {isa = PBXBuildFile; fileRef = 824D37A52A84F37100551B61 /* LampChallengeTests.swift */; };
		824D37B02A84F37100551B61 /* LampChallengeUITests.swift in Sources */ = {isa = PBXBuildFile; fileRef = 824D37AF2A84F37100551B61 /* LampChallengeUITests.swift */; };
		824D37B22A84F37100551B61 /* LampChallengeUITestsLaunchTests.swift in Sources */ = {isa = PBXBuildFile; fileRef = 824D37B12A84F37100551B61 /* LampChallengeUITestsLaunchTests.swift */; };
		82A2DFF22A867558002CCEDB /* .gitignore in Resources */ = {isa = PBXBuildFile; fileRef = 82A2DFF12A867558002CCEDB /* .gitignore */; };
		82A2DFF62A867587002CCEDB /* View+Ext.swift in Sources */ = {isa = PBXBuildFile; fileRef = 82A2DFF52A867587002CCEDB /* View+Ext.swift */; };
		82A2DFF82A86762E002CCEDB /* Rope.swift in Sources */ = {isa = PBXBuildFile; fileRef = 82A2DFF72A86762E002CCEDB /* Rope.swift */; };
		82A2DFFD2A868465002CCEDB /* lamp.gif in Resources */ = {isa = PBXBuildFile; fileRef = 82A2DFFC2A868465002CCEDB /* lamp.gif */; };
/* End PBXBuildFile section */

/* Begin PBXContainerItemProxy section */
		824D37A22A84F37100551B61 /* PBXContainerItemProxy */ = {
			isa = PBXContainerItemProxy;
			containerPortal = 824D37892A84F36D00551B61 /* Project object */;
			proxyType = 1;
			remoteGlobalIDString = 824D37902A84F36D00551B61;
			remoteInfo = LampChallenge;
		};
		824D37AC2A84F37100551B61 /* PBXContainerItemProxy */ = {
			isa = PBXContainerItemProxy;
			containerPortal = 824D37892A84F36D00551B61 /* Project object */;
			proxyType = 1;
			remoteGlobalIDString = 824D37902A84F36D00551B61;
			remoteInfo = LampChallenge;
		};
/* End PBXContainerItemProxy section */

/* Begin PBXFileReference section */
		824D37912A84F36D00551B61 /* LampChallenge.app */ = {isa = PBXFileReference; explicitFileType = wrapper.application; includeInIndex = 0; path = LampChallenge.app; sourceTree = BUILT_PRODUCTS_DIR; };
		824D37942A84F36D00551B61 /* LampChallengeApp.swift */ = {isa = PBXFileReference; lastKnownFileType = sourcecode.swift; path = LampChallengeApp.swift; sourceTree = "<group>"; };
		824D37962A84F36D00551B61 /* LampView.swift */ = {isa = PBXFileReference; lastKnownFileType = sourcecode.swift; path = LampView.swift; sourceTree = "<group>"; };
		824D37982A84F37100551B61 /* Assets.xcassets */ = {isa = PBXFileReference; lastKnownFileType = folder.assetcatalog; path = Assets.xcassets; sourceTree = "<group>"; };
		824D379B2A84F37100551B61 /* Preview Assets.xcassets */ = {isa = PBXFileReference; lastKnownFileType = folder.assetcatalog; path = "Preview Assets.xcassets"; sourceTree = "<group>"; };
		824D37A12A84F37100551B61 /* LampChallengeTests.xctest */ = {isa = PBXFileReference; explicitFileType = wrapper.cfbundle; includeInIndex = 0; path = LampChallengeTests.xctest; sourceTree = BUILT_PRODUCTS_DIR; };
		824D37A52A84F37100551B61 /* LampChallengeTests.swift */ = {isa = PBXFileReference; lastKnownFileType = sourcecode.swift; path = LampChallengeTests.swift; sourceTree = "<group>"; };
		824D37AB2A84F37100551B61 /* LampChallengeUITests.xctest */ = {isa = PBXFileReference; explicitFileType = wrapper.cfbundle; includeInIndex = 0; path = LampChallengeUITests.xctest; sourceTree = BUILT_PRODUCTS_DIR; };
		824D37AF2A84F37100551B61 /* LampChallengeUITests.swift */ = {isa = PBXFileReference; lastKnownFileType = sourcecode.swift; path = LampChallengeUITests.swift; sourceTree = "<group>"; };
		824D37B12A84F37100551B61 /* LampChallengeUITestsLaunchTests.swift */ = {isa = PBXFileReference; lastKnownFileType = sourcecode.swift; path = LampChallengeUITestsLaunchTests.swift; sourceTree = "<group>"; };
		82A2DFF12A867558002CCEDB /* .gitignore */ = {isa = PBXFileReference; fileEncoding = 4; lastKnownFileType = text; path = .gitignore; sourceTree = "<group>"; };
		82A2DFF52A867587002CCEDB /* View+Ext.swift */ = {isa = PBXFileReference; lastKnownFileType = sourcecode.swift; path = "View+Ext.swift"; sourceTree = "<group>"; };
		82A2DFF72A86762E002CCEDB /* Rope.swift */ = {isa = PBXFileReference; lastKnownFileType = sourcecode.swift; path = Rope.swift; sourceTree = "<group>"; };
		82A2DFFC2A868465002CCEDB /* lamp.gif */ = {isa = PBXFileReference; lastKnownFileType = image.gif; name = lamp.gif; path = ../../../../../lamp.gif; sourceTree = "<group>"; };
/* End PBXFileReference section */

/* Begin PBXFrameworksBuildPhase section */
		824D378E2A84F36D00551B61 /* Frameworks */ = {
			isa = PBXFrameworksBuildPhase;
			buildActionMask = 2147483647;
			files = (
			);
			runOnlyForDeploymentPostprocessing = 0;
		};
		824D379E2A84F37100551B61 /* Frameworks */ = {
			isa = PBXFrameworksBuildPhase;
			buildActionMask = 2147483647;
			files = (
			);
			runOnlyForDeploymentPostprocessing = 0;
		};
		824D37A82A84F37100551B61 /* Frameworks */ = {
			isa = PBXFrameworksBuildPhase;
			buildActionMask = 2147483647;
			files = (
			);
			runOnlyForDeploymentPostprocessing = 0;
		};
/* End PBXFrameworksBuildPhase section */

/* Begin PBXGroup section */
		824D37882A84F36D00551B61 = {
			isa = PBXGroup;
			children = (
				82A2DFF92A867EA0002CCEDB /* statics */,
				82A2DFF12A867558002CCEDB /* .gitignore */,
				824D37932A84F36D00551B61 /* LampChallenge */,
				824D37A42A84F37100551B61 /* LampChallengeTests */,
				824D37AE2A84F37100551B61 /* LampChallengeUITests */,
				824D37922A84F36D00551B61 /* Products */,
			);
			sourceTree = "<group>";
		};
		824D37922A84F36D00551B61 /* Products */ = {
			isa = PBXGroup;
			children = (
				824D37912A84F36D00551B61 /* LampChallenge.app */,
				824D37A12A84F37100551B61 /* LampChallengeTests.xctest */,
				824D37AB2A84F37100551B61 /* LampChallengeUITests.xctest */,
			);
			name = Products;
			sourceTree = "<group>";
		};
		824D37932A84F36D00551B61 /* LampChallenge */ = {
			isa = PBXGroup;
			children = (
				82A2DFF42A86756F002CCEDB /* View */,
				82A2DFF32A867566002CCEDB /* Utils */,
				824D37942A84F36D00551B61 /* LampChallengeApp.swift */,
				824D37982A84F37100551B61 /* Assets.xcassets */,
				824D379A2A84F37100551B61 /* Preview Content */,
			);
			path = LampChallenge;
			sourceTree = "<group>";
		};
		824D379A2A84F37100551B61 /* Preview Content */ = {
			isa = PBXGroup;
			children = (
				824D379B2A84F37100551B61 /* Preview Assets.xcassets */,
			);
			path = "Preview Content";
			sourceTree = "<group>";
		};
		824D37A42A84F37100551B61 /* LampChallengeTests */ = {
			isa = PBXGroup;
			children = (
				824D37A52A84F37100551B61 /* LampChallengeTests.swift */,
			);
			path = LampChallengeTests;
			sourceTree = "<group>";
		};
		824D37AE2A84F37100551B61 /* LampChallengeUITests */ = {
			isa = PBXGroup;
			children = (
				824D37AF2A84F37100551B61 /* LampChallengeUITests.swift */,
				824D37B12A84F37100551B61 /* LampChallengeUITestsLaunchTests.swift */,
			);
			path = LampChallengeUITests;
			sourceTree = "<group>";
		};
		82A2DFF32A867566002CCEDB /* Utils */ = {
			isa = PBXGroup;
			children = (
				82A2DFF52A867587002CCEDB /* View+Ext.swift */,
			);
			path = Utils;
			sourceTree = "<group>";
		};
		82A2DFF42A86756F002CCEDB /* View */ = {
			isa = PBXGroup;
			children = (
				824D37962A84F36D00551B61 /* LampView.swift */,
				82A2DFF72A86762E002CCEDB /* Rope.swift */,
			);
			path = View;
			sourceTree = "<group>";
		};
		82A2DFF92A867EA0002CCEDB /* statics */ = {
			isa = PBXGroup;
			children = (
				82A2DFFC2A868465002CCEDB /* lamp.gif */,
			);
			path = statics;
			sourceTree = "<group>";
		};
/* End PBXGroup section */

/* Begin PBXNativeTarget section */
		824D37902A84F36D00551B61 /* LampChallenge */ = {
			isa = PBXNativeTarget;
			buildConfigurationList = 824D37B52A84F37100551B61 /* Build configuration list for PBXNativeTarget "LampChallenge" */;
			buildPhases = (
				824D378D2A84F36D00551B61 /* Sources */,
				824D378E2A84F36D00551B61 /* Frameworks */,
				824D378F2A84F36D00551B61 /* Resources */,
			);
			buildRules = (
			);
			dependencies = (
			);
			name = LampChallenge;
			productName = LampChallenge;
			productReference = 824D37912A84F36D00551B61 /* LampChallenge.app */;
			productType = "com.apple.product-type.application";
		};
		824D37A02A84F37100551B61 /* LampChallengeTests */ = {
			isa = PBXNativeTarget;
			buildConfigurationList = 824D37B82A84F37100551B61 /* Build configuration list for PBXNativeTarget "LampChallengeTests" */;
			buildPhases = (
				824D379D2A84F37100551B61 /* Sources */,
				824D379E2A84F37100551B61 /* Frameworks */,
				824D379F2A84F37100551B61 /* Resources */,
			);
			buildRules = (
			);
			dependencies = (
				824D37A32A84F37100551B61 /* PBXTargetDependency */,
			);
			name = LampChallengeTests;
			productName = LampChallengeTests;
			productReference = 824D37A12A84F37100551B61 /* LampChallengeTests.xctest */;
			productType = "com.apple.product-type.bundle.unit-test";
		};
		824D37AA2A84F37100551B61 /* LampChallengeUITests */ = {
			isa = PBXNativeTarget;
			buildConfigurationList = 824D37BB2A84F37100551B61 /* Build configuration list for PBXNativeTarget "LampChallengeUITests" */;
			buildPhases = (
				824D37A72A84F37100551B61 /* Sources */,
				824D37A82A84F37100551B61 /* Frameworks */,
				824D37A92A84F37100551B61 /* Resources */,
			);
			buildRules = (
			);
			dependencies = (
				824D37AD2A84F37100551B61 /* PBXTargetDependency */,
			);
			name = LampChallengeUITests;
			productName = LampChallengeUITests;
			productReference = 824D37AB2A84F37100551B61 /* LampChallengeUITests.xctest */;
			productType = "com.apple.product-type.bundle.ui-testing";
		};
/* End PBXNativeTarget section */

/* Begin PBXProject section */
		824D37892A84F36D00551B61 /* Project object */ = {
			isa = PBXProject;
			attributes = {
				BuildIndependentTargetsInParallel = 1;
				LastSwiftUpdateCheck = 1430;
				LastUpgradeCheck = 1430;
				TargetAttributes = {
					824D37902A84F36D00551B61 = {
						CreatedOnToolsVersion = 14.3;
					};
					824D37A02A84F37100551B61 = {
						CreatedOnToolsVersion = 14.3;
						TestTargetID = 824D37902A84F36D00551B61;
					};
					824D37AA2A84F37100551B61 = {
						CreatedOnToolsVersion = 14.3;
						TestTargetID = 824D37902A84F36D00551B61;
					};
				};
			};
			buildConfigurationList = 824D378C2A84F36D00551B61 /* Build configuration list for PBXProject "LampChallenge" */;
			compatibilityVersion = "Xcode 14.0";
			developmentRegion = en;
			hasScannedForEncodings = 0;
			knownRegions = (
				en,
				Base,
			);
			mainGroup = 824D37882A84F36D00551B61;
			productRefGroup = 824D37922A84F36D00551B61 /* Products */;
			projectDirPath = "";
			projectRoot = "";
			targets = (
				824D37902A84F36D00551B61 /* LampChallenge */,
				824D37A02A84F37100551B61 /* LampChallengeTests */,
				824D37AA2A84F37100551B61 /* LampChallengeUITests */,
			);
		};
/* End PBXProject section */

/* Begin PBXResourcesBuildPhase section */
		824D378F2A84F36D00551B61 /* Resources */ = {
			isa = PBXResourcesBuildPhase;
			buildActionMask = 2147483647;
			files = (
				824D379C2A84F37100551B61 /* Preview Assets.xcassets in Resources */,
				82A2DFF22A867558002CCEDB /* .gitignore in Resources */,
				82A2DFFD2A868465002CCEDB /* lamp.gif in Resources */,
				824D37992A84F37100551B61 /* Assets.xcassets in Resources */,
			);
			runOnlyForDeploymentPostprocessing = 0;
		};
		824D379F2A84F37100551B61 /* Resources */ = {
			isa = PBXResourcesBuildPhase;
			buildActionMask = 2147483647;
			files = (
			);
			runOnlyForDeploymentPostprocessing = 0;
		};
		824D37A92A84F37100551B61 /* Resources */ = {
			isa = PBXResourcesBuildPhase;
			buildActionMask = 2147483647;
			files = (
			);
			runOnlyForDeploymentPostprocessing = 0;
		};
/* End PBXResourcesBuildPhase section */

/* Begin PBXSourcesBuildPhase section */
		824D378D2A84F36D00551B61 /* Sources */ = {
			isa = PBXSourcesBuildPhase;
			buildActionMask = 2147483647;
			files = (
				824D37972A84F36D00551B61 /* LampView.swift in Sources */,
				824D37952A84F36D00551B61 /* LampChallengeApp.swift in Sources */,
				82A2DFF62A867587002CCEDB /* View+Ext.swift in Sources */,
				82A2DFF82A86762E002CCEDB /* Rope.swift in Sources */,
			);
			runOnlyForDeploymentPostprocessing = 0;
		};
		824D379D2A84F37100551B61 /* Sources */ = {
			isa = PBXSourcesBuildPhase;
			buildActionMask = 2147483647;
			files = (
				824D37A62A84F37100551B61 /* LampChallengeTests.swift in Sources */,
			);
			runOnlyForDeploymentPostprocessing = 0;
		};
		824D37A72A84F37100551B61 /* Sources */ = {
			isa = PBXSourcesBuildPhase;
			buildActionMask = 2147483647;
			files = (
				824D37B22A84F37100551B61 /* LampChallengeUITestsLaunchTests.swift in Sources */,
				824D37B02A84F37100551B61 /* LampChallengeUITests.swift in Sources */,
			);
			runOnlyForDeploymentPostprocessing = 0;
		};
/* End PBXSourcesBuildPhase section */

/* Begin PBXTargetDependency section */
		824D37A32A84F37100551B61 /* PBXTargetDependency */ = {
			isa = PBXTargetDependency;
			target = 824D37902A84F36D00551B61 /* LampChallenge */;
			targetProxy = 824D37A22A84F37100551B61 /* PBXContainerItemProxy */;
		};
		824D37AD2A84F37100551B61 /* PBXTargetDependency */ = {
			isa = PBXTargetDependency;
			target = 824D37902A84F36D00551B61 /* LampChallenge */;
			targetProxy = 824D37AC2A84F37100551B61 /* PBXContainerItemProxy */;
		};
/* End PBXTargetDependency section */

/* Begin XCBuildConfiguration section */
		824D37B32A84F37100551B61 /* Debug */ = {
			isa = XCBuildConfiguration;
			buildSettings = {
				ALWAYS_SEARCH_USER_PATHS = NO;
				CLANG_ANALYZER_NONNULL = YES;
				CLANG_ANALYZER_NUMBER_OBJECT_CONVERSION = YES_AGGRESSIVE;
				CLANG_CXX_LANGUAGE_STANDARD = "gnu++20";
				CLANG_ENABLE_MODULES = YES;
				CLANG_ENABLE_OBJC_ARC = YES;
				CLANG_ENABLE_OBJC_WEAK = YES;
				CLANG_WARN_BLOCK_CAPTURE_AUTORELEASING = YES;
				CLANG_WARN_BOOL_CONVERSION = YES;
				CLANG_WARN_COMMA = YES;
				CLANG_WARN_CONSTANT_CONVERSION = YES;
				CLANG_WARN_DEPRECATED_OBJC_IMPLEMENTATIONS = YES;
				CLANG_WARN_DIRECT_OBJC_ISA_USAGE = YES_ERROR;
				CLANG_WARN_DOCUMENTATION_COMMENTS = YES;
				CLANG_WARN_EMPTY_BODY = YES;
				CLANG_WARN_ENUM_CONVERSION = YES;
				CLANG_WARN_INFINITE_RECURSION = YES;
				CLANG_WARN_INT_CONVERSION = YES;
				CLANG_WARN_NON_LITERAL_NULL_CONVERSION = YES;
				CLANG_WARN_OBJC_IMPLICIT_RETAIN_SELF = YES;
				CLANG_WARN_OBJC_LITERAL_CONVERSION = YES;
				CLANG_WARN_OBJC_ROOT_CLASS = YES_ERROR;
				CLANG_WARN_QUOTED_INCLUDE_IN_FRAMEWORK_HEADER = YES;
				CLANG_WARN_RANGE_LOOP_ANALYSIS = YES;
				CLANG_WARN_STRICT_PROTOTYPES = YES;
				CLANG_WARN_SUSPICIOUS_MOVE = YES;
				CLANG_WARN_UNGUARDED_AVAILABILITY = YES_AGGRESSIVE;
				CLANG_WARN_UNREACHABLE_CODE = YES;
				CLANG_WARN__DUPLICATE_METHOD_MATCH = YES;
				COPY_PHASE_STRIP = NO;
				DEBUG_INFORMATION_FORMAT = dwarf;
				ENABLE_STRICT_OBJC_MSGSEND = YES;
				ENABLE_TESTABILITY = YES;
				GCC_C_LANGUAGE_STANDARD = gnu11;
				GCC_DYNAMIC_NO_PIC = NO;
				GCC_NO_COMMON_BLOCKS = YES;
				GCC_OPTIMIZATION_LEVEL = 0;
				GCC_PREPROCESSOR_DEFINITIONS = (
					"DEBUG=1",
					"$(inherited)",
				);
				GCC_WARN_64_TO_32_BIT_CONVERSION = YES;
				GCC_WARN_ABOUT_RETURN_TYPE = YES_ERROR;
				GCC_WARN_UNDECLARED_SELECTOR = YES;
				GCC_WARN_UNINITIALIZED_AUTOS = YES_AGGRESSIVE;
				GCC_WARN_UNUSED_FUNCTION = YES;
				GCC_WARN_UNUSED_VARIABLE = YES;
				IPHONEOS_DEPLOYMENT_TARGET = 16.4;
				MTL_ENABLE_DEBUG_INFO = INCLUDE_SOURCE;
				MTL_FAST_MATH = YES;
				ONLY_ACTIVE_ARCH = YES;
				SDKROOT = iphoneos;
				SWIFT_ACTIVE_COMPILATION_CONDITIONS = DEBUG;
				SWIFT_OPTIMIZATION_LEVEL = "-Onone";
			};
			name = Debug;
		};
		824D37B42A84F37100551B61 /* Release */ = {
			isa = XCBuildConfiguration;
			buildSettings = {
				ALWAYS_SEARCH_USER_PATHS = NO;
				CLANG_ANALYZER_NONNULL = YES;
				CLANG_ANALYZER_NUMBER_OBJECT_CONVERSION = YES_AGGRESSIVE;
				CLANG_CXX_LANGUAGE_STANDARD = "gnu++20";
				CLANG_ENABLE_MODULES = YES;
				CLANG_ENABLE_OBJC_ARC = YES;
				CLANG_ENABLE_OBJC_WEAK = YES;
				CLANG_WARN_BLOCK_CAPTURE_AUTORELEASING = YES;
				CLANG_WARN_BOOL_CONVERSION = YES;
				CLANG_WARN_COMMA = YES;
				CLANG_WARN_CONSTANT_CONVERSION = YES;
				CLANG_WARN_DEPRECATED_OBJC_IMPLEMENTATIONS = YES;
				CLANG_WARN_DIRECT_OBJC_ISA_USAGE = YES_ERROR;
				CLANG_WARN_DOCUMENTATION_COMMENTS = YES;
				CLANG_WARN_EMPTY_BODY = YES;
				CLANG_WARN_ENUM_CONVERSION = YES;
				CLANG_WARN_INFINITE_RECURSION = YES;
				CLANG_WARN_INT_CONVERSION = YES;
				CLANG_WARN_NON_LITERAL_NULL_CONVERSION = YES;
				CLANG_WARN_OBJC_IMPLICIT_RETAIN_SELF = YES;
				CLANG_WARN_OBJC_LITERAL_CONVERSION = YES;
				CLANG_WARN_OBJC_ROOT_CLASS = YES_ERROR;
				CLANG_WARN_QUOTED_INCLUDE_IN_FRAMEWORK_HEADER = YES;
				CLANG_WARN_RANGE_LOOP_ANALYSIS = YES;
				CLANG_WARN_STRICT_PROTOTYPES = YES;
				CLANG_WARN_SUSPICIOUS_MOVE = YES;
				CLANG_WARN_UNGUARDED_AVAILABILITY = YES_AGGRESSIVE;
				CLANG_WARN_UNREACHABLE_CODE = YES;
				CLANG_WARN__DUPLICATE_METHOD_MATCH = YES;
				COPY_PHASE_STRIP = NO;
				DEBUG_INFORMATION_FORMAT = "dwarf-with-dsym";
				ENABLE_NS_ASSERTIONS = NO;
				ENABLE_STRICT_OBJC_MSGSEND = YES;
				GCC_C_LANGUAGE_STANDARD = gnu11;
				GCC_NO_COMMON_BLOCKS = YES;
				GCC_WARN_64_TO_32_BIT_CONVERSION = YES;
				GCC_WARN_ABOUT_RETURN_TYPE = YES_ERROR;
				GCC_WARN_UNDECLARED_SELECTOR = YES;
				GCC_WARN_UNINITIALIZED_AUTOS = YES_AGGRESSIVE;
				GCC_WARN_UNUSED_FUNCTION = YES;
				GCC_WARN_UNUSED_VARIABLE = YES;
				IPHONEOS_DEPLOYMENT_TARGET = 16.4;
				MTL_ENABLE_DEBUG_INFO = NO;
				MTL_FAST_MATH = YES;
				SDKROOT = iphoneos;
				SWIFT_COMPILATION_MODE = wholemodule;
				SWIFT_OPTIMIZATION_LEVEL = "-O";
				VALIDATE_PRODUCT = YES;
			};
			name = Release;
		};
		824D37B62A84F37100551B61 /* Debug */ = {
			isa = XCBuildConfiguration;
			buildSettings = {
				ASSETCATALOG_COMPILER_APPICON_NAME = AppIcon;
				ASSETCATALOG_COMPILER_GLOBAL_ACCENT_COLOR_NAME = AccentColor;
				CODE_SIGN_STYLE = Automatic;
				CURRENT_PROJECT_VERSION = 1;
				DEVELOPMENT_ASSET_PATHS = "\"LampChallenge/Preview Content\"";
				DEVELOPMENT_TEAM = 9SAUD8H4S8;
				ENABLE_PREVIEWS = YES;
				GENERATE_INFOPLIST_FILE = YES;
				INFOPLIST_KEY_UIApplicationSceneManifest_Generation = YES;
				INFOPLIST_KEY_UIApplicationSupportsIndirectInputEvents = YES;
				INFOPLIST_KEY_UILaunchScreen_Generation = YES;
				INFOPLIST_KEY_UISupportedInterfaceOrientations_iPad = "UIInterfaceOrientationPortrait UIInterfaceOrientationPortraitUpsideDown UIInterfaceOrientationLandscapeLeft UIInterfaceOrientationLandscapeRight";
				INFOPLIST_KEY_UISupportedInterfaceOrientations_iPhone = "UIInterfaceOrientationPortrait UIInterfaceOrientationLandscapeLeft UIInterfaceOrientationLandscapeRight";
				LD_RUNPATH_SEARCH_PATHS = (
					"$(inherited)",
					"@executable_path/Frameworks",
				);
				MARKETING_VERSION = 1.0;
				PRODUCT_BUNDLE_IDENTIFIER = com.androidchi.LampChallenge;
				PRODUCT_NAME = "$(TARGET_NAME)";
				SWIFT_EMIT_LOC_STRINGS = YES;
				SWIFT_VERSION = 5.0;
				TARGETED_DEVICE_FAMILY = "1,2";
			};
			name = Debug;
		};
		824D37B72A84F37100551B61 /* Release */ = {
			isa = XCBuildConfiguration;
			buildSettings = {
				ASSETCATALOG_COMPILER_APPICON_NAME = AppIcon;
				ASSETCATALOG_COMPILER_GLOBAL_ACCENT_COLOR_NAME = AccentColor;
				CODE_SIGN_STYLE = Automatic;
				CURRENT_PROJECT_VERSION = 1;
				DEVELOPMENT_ASSET_PATHS = "\"LampChallenge/Preview Content\"";
				DEVELOPMENT_TEAM = 9SAUD8H4S8;
				ENABLE_PREVIEWS = YES;
				GENERATE_INFOPLIST_FILE = YES;
				INFOPLIST_KEY_UIApplicationSceneManifest_Generation = YES;
				INFOPLIST_KEY_UIApplicationSupportsIndirectInputEvents = YES;
				INFOPLIST_KEY_UILaunchScreen_Generation = YES;
				INFOPLIST_KEY_UISupportedInterfaceOrientations_iPad = "UIInterfaceOrientationPortrait UIInterfaceOrientationPortraitUpsideDown UIInterfaceOrientationLandscapeLeft UIInterfaceOrientationLandscapeRight";
				INFOPLIST_KEY_UISupportedInterfaceOrientations_iPhone = "UIInterfaceOrientationPortrait UIInterfaceOrientationLandscapeLeft UIInterfaceOrientationLandscapeRight";
				LD_RUNPATH_SEARCH_PATHS = (
					"$(inherited)",
					"@executable_path/Frameworks",
				);
				MARKETING_VERSION = 1.0;
				PRODUCT_BUNDLE_IDENTIFIER = com.androidchi.LampChallenge;
				PRODUCT_NAME = "$(TARGET_NAME)";
				SWIFT_EMIT_LOC_STRINGS = YES;
				SWIFT_VERSION = 5.0;
				TARGETED_DEVICE_FAMILY = "1,2";
			};
			name = Release;
		};
		824D37B92A84F37100551B61 /* Debug */ = {
			isa = XCBuildConfiguration;
			buildSettings = {
				ALWAYS_EMBED_SWIFT_STANDARD_LIBRARIES = YES;
				BUNDLE_LOADER = "$(TEST_HOST)";
				CODE_SIGN_STYLE = Automatic;
				CURRENT_PROJECT_VERSION = 1;
				DEVELOPMENT_TEAM = 9SAUD8H4S8;
				GENERATE_INFOPLIST_FILE = YES;
				IPHONEOS_DEPLOYMENT_TARGET = 16.4;
				MARKETING_VERSION = 1.0;
				PRODUCT_BUNDLE_IDENTIFIER = com.androidchi.LampChallengeTests;
				PRODUCT_NAME = "$(TARGET_NAME)";
				SWIFT_EMIT_LOC_STRINGS = NO;
				SWIFT_VERSION = 5.0;
				TARGETED_DEVICE_FAMILY = "1,2";
				TEST_HOST = "$(BUILT_PRODUCTS_DIR)/LampChallenge.app/$(BUNDLE_EXECUTABLE_FOLDER_PATH)/LampChallenge";
			};
			name = Debug;
		};
		824D37BA2A84F37100551B61 /* Release */ = {
			isa = XCBuildConfiguration;
			buildSettings = {
				ALWAYS_EMBED_SWIFT_STANDARD_LIBRARIES = YES;
				BUNDLE_LOADER = "$(TEST_HOST)";
				CODE_SIGN_STYLE = Automatic;
				CURRENT_PROJECT_VERSION = 1;
				DEVELOPMENT_TEAM = 9SAUD8H4S8;
				GENERATE_INFOPLIST_FILE = YES;
				IPHONEOS_DEPLOYMENT_TARGET = 16.4;
				MARKETING_VERSION = 1.0;
				PRODUCT_BUNDLE_IDENTIFIER = com.androidchi.LampChallengeTests;
				PRODUCT_NAME = "$(TARGET_NAME)";
				SWIFT_EMIT_LOC_STRINGS = NO;
				SWIFT_VERSION = 5.0;
				TARGETED_DEVICE_FAMILY = "1,2";
				TEST_HOST = "$(BUILT_PRODUCTS_DIR)/LampChallenge.app/$(BUNDLE_EXECUTABLE_FOLDER_PATH)/LampChallenge";
			};
			name = Release;
		};
		824D37BC2A84F37100551B61 /* Debug */ = {
			isa = XCBuildConfiguration;
			buildSettings = {
				ALWAYS_EMBED_SWIFT_STANDARD_LIBRARIES = YES;
				CODE_SIGN_STYLE = Automatic;
				CURRENT_PROJECT_VERSION = 1;
				DEVELOPMENT_TEAM = 9SAUD8H4S8;
				GENERATE_INFOPLIST_FILE = YES;
				MARKETING_VERSION = 1.0;
				PRODUCT_BUNDLE_IDENTIFIER = com.androidchi.LampChallengeUITests;
				PRODUCT_NAME = "$(TARGET_NAME)";
				SWIFT_EMIT_LOC_STRINGS = NO;
				SWIFT_VERSION = 5.0;
				TARGETED_DEVICE_FAMILY = "1,2";
				TEST_TARGET_NAME = LampChallenge;
			};
			name = Debug;
		};
		824D37BD2A84F37100551B61 /* Release */ = {
			isa = XCBuildConfiguration;
			buildSettings = {
				ALWAYS_EMBED_SWIFT_STANDARD_LIBRARIES = YES;
				CODE_SIGN_STYLE = Automatic;
				CURRENT_PROJECT_VERSION = 1;
				DEVELOPMENT_TEAM = 9SAUD8H4S8;
				GENERATE_INFOPLIST_FILE = YES;
				MARKETING_VERSION = 1.0;
				PRODUCT_BUNDLE_IDENTIFIER = com.androidchi.LampChallengeUITests;
				PRODUCT_NAME = "$(TARGET_NAME)";
				SWIFT_EMIT_LOC_STRINGS = NO;
				SWIFT_VERSION = 5.0;
				TARGETED_DEVICE_FAMILY = "1,2";
				TEST_TARGET_NAME = LampChallenge;
			};
			name = Release;
		};
/* End XCBuildConfiguration section */

/* Begin XCConfigurationList section */
		824D378C2A84F36D00551B61 /* Build configuration list for PBXProject "LampChallenge" */ = {
			isa = XCConfigurationList;
			buildConfigurations = (
				824D37B32A84F37100551B61 /* Debug */,
				824D37B42A84F37100551B61 /* Release */,
			);
			defaultConfigurationIsVisible = 0;
			defaultConfigurationName = Release;
		};
		824D37B52A84F37100551B61 /* Build configuration list for PBXNativeTarget "LampChallenge" */ = {
			isa = XCConfigurationList;
			buildConfigurations = (
				824D37B62A84F37100551B61 /* Debug */,
				824D37B72A84F37100551B61 /* Release */,
			);
			defaultConfigurationIsVisible = 0;
			defaultConfigurationName = Release;
		};
		824D37B82A84F37100551B61 /* Build configuration list for PBXNativeTarget "LampChallengeTests" */ = {
			isa = XCConfigurationList;
			buildConfigurations = (
				824D37B92A84F37100551B61 /* Debug */,
				824D37BA2A84F37100551B61 /* Release */,
			);
			defaultConfigurationIsVisible = 0;
			defaultConfigurationName = Release;
		};
		824D37BB2A84F37100551B61 /* Build configuration list for PBXNativeTarget "LampChallengeUITests" */ = {
			isa = XCConfigurationList;
			buildConfigurations = (
				824D37BC2A84F37100551B61 /* Debug */,
				824D37BD2A84F37100551B61 /* Release */,
			);
			defaultConfigurationIsVisible = 0;
			defaultConfigurationName = Release;
		};
/* End XCConfigurationList section */
	};
	rootObject = 824D37892A84F36D00551B61 /* Project object */;
}
